<?xml version="1.0" encoding="utf-8"?>
<Project ToolsVersion="4.0" xmlns="http://schemas.microsoft.com/developer/msbuild/2003">
  <ItemGroup>
    <ClCompile Include="src\Application.cpp">
      <Filter>Sources</Filter>
    </ClCompile>
    <ClCompile Include="src\renderer\vulkan\VulkanDevice.cpp">
      <Filter>Sources\vulkan</Filter>
    </ClCompile>
    <ClCompile Include="src\renderer\vulkan\VulkanImage.cpp">
      <Filter>Sources\vulkan</Filter>
    </ClCompile>
    <ClCompile Include="src\renderer\vulkan\VulkanRenderer.cpp">
      <Filter>Sources\vulkan</Filter>
    </ClCompile>
    <ClCompile Include="src\renderer\vulkan\VulkanSwapchain.cpp">
      <Filter>Sources\vulkan</Filter>
    </ClCompile>
    <ClCompile Include="src\renderer\vulkan\VulkanUtil.cpp">
      <Filter>Sources\vulkan</Filter>
    </ClCompile>
    <ClCompile Include="src\renderer\Renderer.cpp">
      <Filter>Sources</Filter>
    </ClCompile>
    <ClCompile Include="src\Utilities.cpp">
      <Filter>Sources</Filter>
    </ClCompile>
    <ClCompile Include="src\main.cpp" />
    <ClCompile Include="src\renderer\vulkan\VulkanGPURaytracer.cpp">
      <Filter>Sources\vulkan</Filter>
    </ClCompile>
    <ClCompile Include="src\renderer\vulkan\VulkanCPURayTracer.cpp">
      <Filter>Sources\vulkan</Filter>
    </ClCompile>
    <ClCompile Include="src\geometry\Geometry.cpp">
      <Filter>Sources\geometry</Filter>
    </ClCompile>
    <ClCompile Include="src\scene\Camera.cpp">
      <Filter>Sources\scene</Filter>
    </ClCompile>
    <ClCompile Include="src\scene\Scene.cpp">
      <Filter>Sources\scene</Filter>
    </ClCompile>
    <ClCompile Include="src\geometry\BBox.cpp" />
    <ClCompile Include="src\geometry\materials\LambertMaterial.cpp" />
    <ClCompile Include="src\scene\sceneLoaders\gltfLoader.cpp" />
    <ClCompile Include="src\accel\SBVH.cpp" />
    <ClCompile Include="src\geometry\materials\MetalMaterial.cpp" />
    <ClCompile Include="src\geometry\materials\GlassMaterial.cpp" />
    <ClCompile Include="src\renderer\vulkan\VulkanHybridRenderer.cpp" />
    <ClCompile Include="src\geometry\materials\EmissiveMaterial.cpp" />
    <ClCompile Include="src\geometry\materials\TranslucentMaterial.cpp" />
    <ClCompile Include="src\renderer\vulkan\VulkanBuffer.cpp" />
    <ClCompile Include="src\geometry\Cube.cpp" />
    <ClCompile Include="thirdparty\pcg\pcg_basic.c" />
    <ClCompile Include="src\lights\DirectionalLight.h" />
    <ClCompile Include="thirdparty\glm\detail\glm.cpp" />
  </ItemGroup>
  <ItemGroup>
    <ClInclude Include="thirdparty\spdlog\include\spdlog\async_logger.h">
      <Filter>Headers\thirdparty</Filter>
    </ClInclude>
    <ClInclude Include="src\Application.h">
      <Filter>Headers</Filter>
    </ClInclude>
    <ClInclude Include="thirdparty\tinygltfloader\picojson.h">
      <Filter>Headers\thirdparty</Filter>
    </ClInclude>
    <ClInclude Include="thirdparty\spdlog\include\spdlog\logger.h">
      <Filter>Headers\thirdparty</Filter>
    </ClInclude>
    <ClInclude Include="thirdparty\spdlog\include\spdlog\common.h">
      <Filter>Headers\thirdparty</Filter>
    </ClInclude>
    <ClInclude Include="thirdparty\spdlog\include\spdlog\formatter.h">
      <Filter>Headers\thirdparty</Filter>
    </ClInclude>
    <ClInclude Include="thirdparty\spdlog\include\spdlog\spdlog.h">
      <Filter>Headers\thirdparty</Filter>
    </ClInclude>
    <ClInclude Include="thirdparty\tinygltfloader\stb_image.h">
      <Filter>Headers\thirdparty</Filter>
    </ClInclude>
    <ClInclude Include="thirdparty\tinygltfloader\tiny_gltf_loader.h">
      <Filter>Headers\thirdparty</Filter>
    </ClInclude>
    <ClInclude Include="thirdparty\spdlog\include\spdlog\tweakme.h">
      <Filter>Headers\thirdparty</Filter>
    </ClInclude>
    <ClInclude Include="src\renderer\Renderer.h">
      <Filter>Headers</Filter>
    </ClInclude>
    <ClInclude Include="src\Typedef.h">
      <Filter>Headers</Filter>
    </ClInclude>
    <ClInclude Include="src\Utilities.h">
      <Filter>Headers</Filter>
    </ClInclude>
    <ClInclude Include="src\renderer\vulkan\VulkanBuffer.h">
      <Filter>Headers\vulkan</Filter>
    </ClInclude>
    <ClInclude Include="src\renderer\vulkan\VulkanDevice.h">
      <Filter>Headers\vulkan</Filter>
    </ClInclude>
    <ClInclude Include="src\renderer\vulkan\VulkanImage.h">
      <Filter>Headers\vulkan</Filter>
    </ClInclude>
    <ClInclude Include="src\renderer\vulkan\VulkanRenderer.h">
      <Filter>Headers\vulkan</Filter>
    </ClInclude>
    <ClInclude Include="src\renderer\vulkan\VulkanSwapchain.h">
      <Filter>Headers\vulkan</Filter>
    </ClInclude>
    <ClInclude Include="src\renderer\vulkan\VulkanUtil.h">
      <Filter>Headers\vulkan</Filter>
    </ClInclude>
    <ClInclude Include="src\renderer\vulkan\VulkanGPURaytracer.h">
      <Filter>Headers\vulkan</Filter>
    </ClInclude>
    <ClInclude Include="src\renderer\vulkan\VulkanCPURayTracer.h">
      <Filter>Headers\vulkan</Filter>
    </ClInclude>
    <ClInclude Include="src\scene\SceneUtil.h">
      <Filter>Headers</Filter>
    </ClInclude>
    <ClInclude Include="src\geometry\Geometry.h">
      <Filter>Headers\geometry</Filter>
    </ClInclude>
    <ClInclude Include="src\scene\Camera.h">
      <Filter>Headers\scene</Filter>
    </ClInclude>
    <ClInclude Include="src\renderer\Film.h" />
    <ClInclude Include="src\geometry\Ray.h" />
    <ClInclude Include="src\geometry\Transform.h" />
    <ClInclude Include="src\MathUtil.h" />
    <ClInclude Include="src\scene\Scene.h">
      <Filter>Headers\scene</Filter>
    </ClInclude>
    <ClInclude Include="src\geometry\BBox.h" />
    <ClInclude Include="src\geometry\materials\Material.h" />
    <ClInclude Include="src\geometry\materials\LambertMaterial.h" />
    <ClInclude Include="src\lights\Light.h" />
    <ClInclude Include="src\lights\PointLight.h" />
    <ClInclude Include="src\lights\AreaLight.h" />
    <ClInclude Include="src\renderer\samplers\Sampler.h" />
    <ClInclude Include="src\renderer\samplers\UniformSampler.h" />
    <ClInclude Include="src\scene\sceneLoaders\gltfLoader.h" />
    <ClInclude Include="src\scene\sceneLoaders\SceneLoader.h" />
    <ClInclude Include="src\accel\SBVH.h" />
    <ClInclude Include="src\accel\AccelStructure.h" />
    <ClInclude Include="src\geometry\materials\MetalMaterial.h" />
    <ClInclude Include="src\Texture.h" />
    <ClInclude Include="src\geometry\materials\GlassMaterial.h" />
    <ClInclude Include="src\Color.h" />
    <ClInclude Include="src\renderer\vulkan\VulkanHybridRenderer.h" />
    <ClInclude Include="src\geometry\materials\EmissiveMaterial.h" />
    <ClInclude Include="src\renderer\samplers\StratifiedSampler.h" />
    <ClInclude Include="src\geometry\materials\TranslucentMaterial.h" />
    <ClInclude Include="src\geometry\Cube.h" />
    <ClInclude Include="thirdparty\pcg\pcg_basic.h" />
    <ClInclude Include="thirdparty\gli\clear.hpp" />
    <ClInclude Include="thirdparty\gli\comparison.hpp" />
    <ClInclude Include="thirdparty\gli\convert.hpp" />
    <ClInclude Include="thirdparty\gli\copy.hpp" />
    <ClInclude Include="thirdparty\gli\duplicate.hpp" />
    <ClInclude Include="thirdparty\gli\dx.hpp" />
    <ClInclude Include="thirdparty\gli\format.hpp" />
    <ClInclude Include="thirdparty\gli\generate_mipmaps.hpp" />
    <ClInclude Include="thirdparty\gli\gl.hpp" />
    <ClInclude Include="thirdparty\gli\gli.hpp" />
    <ClInclude Include="thirdparty\gli\image.hpp" />
    <ClInclude Include="thirdparty\gli\levels.hpp" />
    <ClInclude Include="thirdparty\gli\load.hpp" />
    <ClInclude Include="thirdparty\gli\load_dds.hpp" />
    <ClInclude Include="thirdparty\gli\load_kmg.hpp" />
    <ClInclude Include="thirdparty\gli\load_ktx.hpp" />
    <ClInclude Include="thirdparty\gli\make_texture.hpp" />
    <ClInclude Include="thirdparty\gli\reduce.hpp" />
    <ClInclude Include="thirdparty\gli\sampler.hpp" />
    <ClInclude Include="thirdparty\gli\sampler_cube.hpp" />
    <ClInclude Include="thirdparty\gli\sampler_cube_array.hpp" />
    <ClInclude Include="thirdparty\gli\sampler1d.hpp" />
    <ClInclude Include="thirdparty\gli\sampler1d_array.hpp" />
    <ClInclude Include="thirdparty\gli\sampler2d.hpp" />
    <ClInclude Include="thirdparty\gli\sampler2d_array.hpp" />
    <ClInclude Include="thirdparty\gli\sampler3d.hpp" />
    <ClInclude Include="thirdparty\gli\save.hpp" />
    <ClInclude Include="thirdparty\gli\save_dds.hpp" />
    <ClInclude Include="thirdparty\gli\save_kmg.hpp" />
    <ClInclude Include="thirdparty\gli\save_ktx.hpp" />
    <ClInclude Include="thirdparty\gli\target.hpp" />
    <ClInclude Include="thirdparty\gli\texture.hpp" />
    <ClInclude Include="thirdparty\gli\texture_cube.hpp" />
    <ClInclude Include="thirdparty\gli\texture_cube_array.hpp" />
    <ClInclude Include="thirdparty\gli\texture1d.hpp" />
    <ClInclude Include="thirdparty\gli\texture1d_array.hpp" />
    <ClInclude Include="thirdparty\gli\texture2d.hpp" />
    <ClInclude Include="thirdparty\gli\texture2d_array.hpp" />
    <ClInclude Include="thirdparty\gli\texture3d.hpp" />
    <ClInclude Include="thirdparty\gli\transform.hpp" />
    <ClInclude Include="thirdparty\gli\type.hpp" />
    <ClInclude Include="thirdparty\gli\view.hpp" />
    <ClInclude Include="thirdparty\glm\common.hpp" />
    <ClInclude Include="thirdparty\glm\exponential.hpp" />
    <ClInclude Include="thirdparty\glm\ext.hpp" />
    <ClInclude Include="thirdparty\glm\fwd.hpp" />
    <ClInclude Include="thirdparty\glm\geometric.hpp" />
    <ClInclude Include="thirdparty\glm\glm.hpp" />
    <ClInclude Include="thirdparty\glm\integer.hpp" />
    <ClInclude Include="thirdparty\glm\mat2x2.hpp" />
    <ClInclude Include="thirdparty\glm\mat2x3.hpp" />
    <ClInclude Include="thirdparty\glm\mat2x4.hpp" />
    <ClInclude Include="thirdparty\glm\mat3x2.hpp" />
    <ClInclude Include="thirdparty\glm\mat3x3.hpp" />
    <ClInclude Include="thirdparty\glm\mat3x4.hpp" />
    <ClInclude Include="thirdparty\glm\mat4x2.hpp" />
    <ClInclude Include="thirdparty\glm\mat4x3.hpp" />
    <ClInclude Include="thirdparty\glm\mat4x4.hpp" />
    <ClInclude Include="thirdparty\glm\matrix.hpp" />
    <ClInclude Include="thirdparty\glm\packing.hpp" />
    <ClInclude Include="thirdparty\glm\trigonometric.hpp" />
    <ClInclude Include="thirdparty\glm\vec2.hpp" />
    <ClInclude Include="thirdparty\glm\vec3.hpp" />
    <ClInclude Include="thirdparty\glm\vec4.hpp" />
    <ClInclude Include="thirdparty\glm\vector_relational.hpp" />
    <ClInclude Include="thirdparty\glfw-3.2.1.WIN64\include\glfw3.h" />
    <ClInclude Include="thirdparty\glfw-3.2.1.WIN64\include\glfw3native.h" />
    <ClInclude Include="thirdparty\glm\detail\_features.hpp" />
    <ClInclude Include="thirdparty\glm\detail\_fixes.hpp" />
    <ClInclude Include="thirdparty\glm\detail\_noise.hpp" />
    <ClInclude Include="thirdparty\glm\detail\_swizzle.hpp" />
    <ClInclude Include="thirdparty\glm\detail\_swizzle_func.hpp" />
    <ClInclude Include="thirdparty\glm\detail\_vectorize.hpp" />
    <ClInclude Include="thirdparty\glm\detail\func_common.hpp" />
    <ClInclude Include="thirdparty\glm\detail\func_exponential.hpp" />
    <ClInclude Include="thirdparty\glm\detail\func_geometric.hpp" />
    <ClInclude Include="thirdparty\glm\detail\func_integer.hpp" />
    <ClInclude Include="thirdparty\glm\detail\func_matrix.hpp" />
    <ClInclude Include="thirdparty\glm\detail\func_packing.hpp" />
    <ClInclude Include="thirdparty\glm\detail\func_trigonometric.hpp" />
    <ClInclude Include="thirdparty\glm\detail\func_vector_relational.hpp" />
    <ClInclude Include="thirdparty\glm\detail\precision.hpp" />
    <ClInclude Include="thirdparty\glm\detail\setup.hpp" />
    <ClInclude Include="thirdparty\glm\detail\type_float.hpp" />
    <ClInclude Include="thirdparty\glm\detail\type_gentype.hpp" />
    <ClInclude Include="thirdparty\glm\detail\type_half.hpp" />
    <ClInclude Include="thirdparty\glm\detail\type_int.hpp" />
    <ClInclude Include="thirdparty\glm\detail\type_mat.hpp" />
    <ClInclude Include="thirdparty\glm\detail\type_mat2x2.hpp" />
    <ClInclude Include="thirdparty\glm\detail\type_mat2x3.hpp" />
    <ClInclude Include="thirdparty\glm\detail\type_mat2x4.hpp" />
    <ClInclude Include="thirdparty\glm\detail\type_mat3x2.hpp" />
    <ClInclude Include="thirdparty\glm\detail\type_mat3x3.hpp" />
    <ClInclude Include="thirdparty\glm\detail\type_mat3x4.hpp" />
    <ClInclude Include="thirdparty\glm\detail\type_mat4x2.hpp" />
    <ClInclude Include="thirdparty\glm\detail\type_mat4x3.hpp" />
    <ClInclude Include="thirdparty\glm\detail\type_mat4x4.hpp" />
    <ClInclude Include="thirdparty\glm\detail\type_vec.hpp" />
    <ClInclude Include="thirdparty\glm\detail\type_vec1.hpp" />
    <ClInclude Include="thirdparty\glm\detail\type_vec2.hpp" />
    <ClInclude Include="thirdparty\glm\detail\type_vec3.hpp" />
    <ClInclude Include="thirdparty\glm\detail\type_vec4.hpp" />
    <ClInclude Include="thirdparty\glm\gtx\associated_min_max.hpp" />
    <ClInclude Include="thirdparty\glm\gtx\bit.hpp" />
    <ClInclude Include="thirdparty\glm\gtx\closest_point.hpp" />
    <ClInclude Include="thirdparty\glm\gtx\color_space.hpp" />
    <ClInclude Include="thirdparty\glm\gtx\color_space_YCoCg.hpp" />
    <ClInclude Include="thirdparty\glm\gtx\common.hpp" />
    <ClInclude Include="thirdparty\glm\gtx\compatibility.hpp" />
    <ClInclude Include="thirdparty\glm\gtx\component_wise.hpp" />
    <ClInclude Include="thirdparty\glm\gtx\dual_quaternion.hpp" />
    <ClInclude Include="thirdparty\glm\gtx\euler_angles.hpp" />
    <ClInclude Include="thirdparty\glm\gtx\extend.hpp" />
    <ClInclude Include="thirdparty\glm\gtx\extended_min_max.hpp" />
    <ClInclude Include="thirdparty\glm\gtx\fast_exponential.hpp" />
    <ClInclude Include="thirdparty\glm\gtx\fast_square_root.hpp" />
    <ClInclude Include="thirdparty\glm\gtx\fast_trigonometry.hpp" />
    <ClInclude Include="thirdparty\glm\gtx\gradient_paint.hpp" />
    <ClInclude Include="thirdparty\glm\gtx\handed_coordinate_space.hpp" />
    <ClInclude Include="thirdparty\glm\gtx\hash.hpp" />
    <ClInclude Include="thirdparty\glm\gtx\integer.hpp" />
    <ClInclude Include="thirdparty\glm\gtx\intersect.hpp" />
    <ClInclude Include="thirdparty\glm\gtx\io.hpp" />
    <ClInclude Include="thirdparty\glm\gtx\log_base.hpp" />
    <ClInclude Include="thirdparty\glm\gtx\matrix_cross_product.hpp" />
    <ClInclude Include="thirdparty\glm\gtx\matrix_decompose.hpp" />
    <ClInclude Include="thirdparty\glm\gtx\matrix_interpolation.hpp" />
    <ClInclude Include="thirdparty\glm\gtx\matrix_major_storage.hpp" />
    <ClInclude Include="thirdparty\glm\gtx\matrix_operation.hpp" />
    <ClInclude Include="thirdparty\glm\gtx\matrix_query.hpp" />
    <ClInclude Include="thirdparty\glm\gtx\matrix_transform_2d.hpp" />
    <ClInclude Include="thirdparty\glm\gtx\mixed_product.hpp" />
    <ClInclude Include="thirdparty\glm\gtx\norm.hpp" />
    <ClInclude Include="thirdparty\glm\gtx\normal.hpp" />
    <ClInclude Include="thirdparty\glm\gtx\normalize_dot.hpp" />
    <ClInclude Include="thirdparty\glm\gtx\number_precision.hpp" />
    <ClInclude Include="thirdparty\glm\gtx\optimum_pow.hpp" />
    <ClInclude Include="thirdparty\glm\gtx\orthonormalize.hpp" />
    <ClInclude Include="thirdparty\glm\gtx\perpendicular.hpp" />
    <ClInclude Include="thirdparty\glm\gtx\polar_coordinates.hpp" />
    <ClInclude Include="thirdparty\glm\gtx\projection.hpp" />
    <ClInclude Include="thirdparty\glm\gtx\quaternion.hpp" />
    <ClInclude Include="thirdparty\glm\gtx\range.hpp" />
    <ClInclude Include="thirdparty\glm\gtx\raw_data.hpp" />
    <ClInclude Include="thirdparty\glm\gtx\rotate_normalized_axis.hpp" />
    <ClInclude Include="thirdparty\glm\gtx\rotate_vector.hpp" />
    <ClInclude Include="thirdparty\glm\gtx\scalar_multiplication.hpp" />
    <ClInclude Include="thirdparty\glm\gtx\scalar_relational.hpp" />
    <ClInclude Include="thirdparty\glm\gtx\spline.hpp" />
    <ClInclude Include="thirdparty\glm\gtx\std_based_type.hpp" />
    <ClInclude Include="thirdparty\glm\gtx\string_cast.hpp" />
    <ClInclude Include="thirdparty\glm\gtx\transform.hpp" />
    <ClInclude Include="thirdparty\glm\gtx\transform2.hpp" />
    <ClInclude Include="thirdparty\glm\gtx\type_aligned.hpp" />
    <ClInclude Include="thirdparty\glm\gtx\type_trait.hpp" />
    <ClInclude Include="thirdparty\glm\gtx\vector_angle.hpp" />
    <ClInclude Include="thirdparty\glm\gtx\vector_query.hpp" />
    <ClInclude Include="thirdparty\glm\gtx\wrap.hpp" />
    <ClInclude Include="thirdparty\glm\gtc\bitfield.hpp" />
    <ClInclude Include="thirdparty\glm\gtc\color_encoding.hpp" />
    <ClInclude Include="thirdparty\glm\gtc\color_space.hpp" />
    <ClInclude Include="thirdparty\glm\gtc\constants.hpp" />
    <ClInclude Include="thirdparty\glm\gtc\epsilon.hpp" />
    <ClInclude Include="thirdparty\glm\gtc\functions.hpp" />
    <ClInclude Include="thirdparty\glm\gtc\integer.hpp" />
    <ClInclude Include="thirdparty\glm\gtc\matrix_access.hpp" />
    <ClInclude Include="thirdparty\glm\gtc\matrix_integer.hpp" />
    <ClInclude Include="thirdparty\glm\gtc\matrix_inverse.hpp" />
    <ClInclude Include="thirdparty\glm\gtc\matrix_transform.hpp" />
    <ClInclude Include="thirdparty\glm\gtc\noise.hpp" />
    <ClInclude Include="thirdparty\glm\gtc\packing.hpp" />
    <ClInclude Include="thirdparty\glm\gtc\quaternion.hpp" />
    <ClInclude Include="thirdparty\glm\gtc\random.hpp" />
    <ClInclude Include="thirdparty\glm\gtc\reciprocal.hpp" />
    <ClInclude Include="thirdparty\glm\gtc\round.hpp" />
    <ClInclude Include="thirdparty\glm\gtc\type_aligned.hpp" />
    <ClInclude Include="thirdparty\glm\gtc\type_precision.hpp" />
    <ClInclude Include="thirdparty\glm\gtc\type_ptr.hpp" />
    <ClInclude Include="thirdparty\glm\gtc\ulp.hpp" />
    <ClInclude Include="thirdparty\glm\gtc\vec1.hpp" />
    <ClInclude Include="thirdparty\glm\simd\common.h" />
    <ClInclude Include="thirdparty\glm\simd\exponential.h" />
    <ClInclude Include="thirdparty\glm\simd\geometric.h" />
    <ClInclude Include="thirdparty\glm\simd\integer.h" />
    <ClInclude Include="thirdparty\glm\simd\matrix.h" />
    <ClInclude Include="thirdparty\glm\simd\packing.h" />
    <ClInclude Include="thirdparty\glm\simd\platform.h" />
    <ClInclude Include="thirdparty\glm\simd\trigonometric.h" />
    <ClInclude Include="thirdparty\glm\simd\vector_relational.h" />
    <ClInclude Include="src\ImprovedNoise.h" />
    <ClInclude Include="src\geometry\Skybox.h" />
    <ClInclude Include="src\geometry\Model.h" />
    <ClInclude Include="thirdparty\stb\stb_image.h" />
  </ItemGroup>
  <ItemGroup>
    <None Include="shaders\raytracing\raytrace.comp">
      <Filter>Resources\Shaders</Filter>
    </None>
    <None Include="shaders\raytracing\raytrace.frag">
      <Filter>Resources\Shaders</Filter>
    </None>
    <None Include="shaders\raytracing\raytrace.vert">
      <Filter>Resources\Shaders</Filter>
    </None>
    <None Include="shaders\raytracing\quad.vert">
      <Filter>Resources\Shaders</Filter>
    </None>
    <None Include="shaders\raytracing\quad.frag">
      <Filter>Resources\Shaders</Filter>
    </None>
    <None Include="shaders\raytracing\wireframe.vert" />
    <None Include="shaders\raytracing\wireframe.frag" />
    <None Include="..\README.md" />
    <None Include="shaders\raytracing\pass-through.vert" />
    <None Include="shaders\forward\compileShaders.bat" />
    <None Include="shaders\forward\fragShader.frag" />
    <None Include="shaders\forward\fragShader.spv" />
    <None Include="shaders\forward\vertShader.spv" />
    <None Include="shaders\forward\vertShader.vert" />
    <None Include="shaders\hybrid\generate-spirv.bat" />
    <None Include="shaders\hybrid\hybrid.frag" />
    <None Include="shaders\hybrid\hybrid.frag.spv" />
    <None Include="shaders\hybrid\hybrid.vert" />
    <None Include="shaders\hybrid\hybrid.vert.spv" />
    <None Include="shaders\hybrid\wireframe.frag" />
    <None Include="shaders\hybrid\wireframe.frag.spv" />
    <None Include="shaders\hybrid\wireframe.vert" />
    <None Include="shaders\hybrid\wireframe.vert.spv" />
    <None Include="shaders\post\ACESfilm.frag" />
    <None Include="shaders\deferred\debug.frag" />
    <None Include="shaders\deferred\debug.frag.spv" />
    <None Include="shaders\deferred\debug.vert" />
    <None Include="shaders\deferred\debug.vert.spv" />
    <None Include="shaders\deferred\generate-spirv.bat" />
    <None Include="shaders\deferred\mrt.frag" />
    <None Include="shaders\deferred\mrt.frag.spv" />
    <None Include="shaders\deferred\mrt.vert" />
    <None Include="shaders\deferred\mrt.vert.spv" />
    <None Include="shaders\raytracing\wireframe.frag.spv" />
    <None Include="shaders\hybrid\hybrid.comp" />
    <None Include="shaders\hybrid\hybrid.comp.spv" />
    <None Include="shaders\hybrid\blur.frag" />
    <None Include="shaders\hybrid\pass-through.vert" />
    <None Include="thirdparty\gli\manual.md" />
    <None Include="thirdparty\gli\readme.md" />
    <None Include="thirdparty\glm\detail\func_common.inl" />
    <None Include="thirdparty\glm\detail\func_common_simd.inl" />
    <None Include="thirdparty\glm\detail\func_exponential.inl" />
    <None Include="thirdparty\glm\detail\func_exponential_simd.inl" />
    <None Include="thirdparty\glm\detail\func_geometric.inl" />
    <None Include="thirdparty\glm\detail\func_geometric_simd.inl" />
    <None Include="thirdparty\glm\detail\func_integer.inl" />
    <None Include="thirdparty\glm\detail\func_integer_simd.inl" />
    <None Include="thirdparty\glm\detail\func_matrix.inl" />
    <None Include="thirdparty\glm\detail\func_matrix_simd.inl" />
    <None Include="thirdparty\glm\detail\func_packing.inl" />
    <None Include="thirdparty\glm\detail\func_packing_simd.inl" />
    <None Include="thirdparty\glm\detail\func_trigonometric.inl" />
    <None Include="thirdparty\glm\detail\func_trigonometric_simd.inl" />
    <None Include="thirdparty\glm\detail\func_vector_relational.inl" />
    <None Include="thirdparty\glm\detail\func_vector_relational_simd.inl" />
    <None Include="thirdparty\glm\detail\type_gentype.inl" />
    <None Include="thirdparty\glm\detail\type_half.inl" />
    <None Include="thirdparty\glm\detail\type_mat.inl" />
    <None Include="thirdparty\glm\detail\type_mat2x2.inl" />
    <None Include="thirdparty\glm\detail\type_mat2x3.inl" />
    <None Include="thirdparty\glm\detail\type_mat2x4.inl" />
    <None Include="thirdparty\glm\detail\type_mat3x2.inl" />
    <None Include="thirdparty\glm\detail\type_mat3x3.inl" />
    <None Include="thirdparty\glm\detail\type_mat3x4.inl" />
    <None Include="thirdparty\glm\detail\type_mat4x2.inl" />
    <None Include="thirdparty\glm\detail\type_mat4x3.inl" />
    <None Include="thirdparty\glm\detail\type_mat4x4.inl" />
    <None Include="thirdparty\glm\detail\type_mat4x4_simd.inl" />
    <None Include="thirdparty\glm\detail\type_vec.inl" />
    <None Include="thirdparty\glm\detail\type_vec1.inl" />
    <None Include="thirdparty\glm\detail\type_vec2.inl" />
    <None Include="thirdparty\glm\detail\type_vec3.inl" />
    <None Include="thirdparty\glm\detail\type_vec4.inl" />
    <None Include="thirdparty\glm\detail\type_vec4_simd.inl" />
    <None Include="thirdparty\glm\gtx\associated_min_max.inl" />
    <None Include="thirdparty\glm\gtx\bit.inl" />
    <None Include="thirdparty\glm\gtx\closest_point.inl" />
    <None Include="thirdparty\glm\gtx\color_space.inl" />
    <None Include="thirdparty\glm\gtx\color_space_YCoCg.inl" />
    <None Include="thirdparty\glm\gtx\common.inl" />
    <None Include="thirdparty\glm\gtx\compatibility.inl" />
    <None Include="thirdparty\glm\gtx\component_wise.inl" />
    <None Include="thirdparty\glm\gtx\dual_quaternion.inl" />
    <None Include="thirdparty\glm\gtx\euler_angles.inl" />
    <None Include="thirdparty\glm\gtx\extend.inl" />
    <None Include="thirdparty\glm\gtx\extended_min_max.inl" />
    <None Include="thirdparty\glm\gtx\fast_exponential.inl" />
    <None Include="thirdparty\glm\gtx\fast_square_root.inl" />
    <None Include="thirdparty\glm\gtx\fast_trigonometry.inl" />
    <None Include="thirdparty\glm\gtx\float_notmalize.inl" />
    <None Include="thirdparty\glm\gtx\gradient_paint.inl" />
    <None Include="thirdparty\glm\gtx\handed_coordinate_space.inl" />
    <None Include="thirdparty\glm\gtx\hash.inl" />
    <None Include="thirdparty\glm\gtx\integer.inl" />
    <None Include="thirdparty\glm\gtx\intersect.inl" />
    <None Include="thirdparty\glm\gtx\io.inl" />
    <None Include="thirdparty\glm\gtx\log_base.inl" />
    <None Include="thirdparty\glm\gtx\matrix_cross_product.inl" />
    <None Include="thirdparty\glm\gtx\matrix_decompose.inl" />
    <None Include="thirdparty\glm\gtx\matrix_interpolation.inl" />
    <None Include="thirdparty\glm\gtx\matrix_major_storage.inl" />
    <None Include="thirdparty\glm\gtx\matrix_operation.inl" />
    <None Include="thirdparty\glm\gtx\matrix_query.inl" />
    <None Include="thirdparty\glm\gtx\matrix_transform_2d.inl" />
    <None Include="thirdparty\glm\gtx\mixed_product.inl" />
    <None Include="thirdparty\glm\gtx\norm.inl" />
    <None Include="thirdparty\glm\gtx\normal.inl" />
    <None Include="thirdparty\glm\gtx\normalize_dot.inl" />
    <None Include="thirdparty\glm\gtx\number_precision.inl" />
    <None Include="thirdparty\glm\gtx\optimum_pow.inl" />
    <None Include="thirdparty\glm\gtx\orthonormalize.inl" />
    <None Include="thirdparty\glm\gtx\perpendicular.inl" />
    <None Include="thirdparty\glm\gtx\polar_coordinates.inl" />
    <None Include="thirdparty\glm\gtx\projection.inl" />
    <None Include="thirdparty\glm\gtx\quaternion.inl" />
    <None Include="thirdparty\glm\gtx\raw_data.inl" />
    <None Include="thirdparty\glm\gtx\rotate_normalized_axis.inl" />
    <None Include="thirdparty\glm\gtx\rotate_vector.inl" />
    <None Include="thirdparty\glm\gtx\scalar_relational.inl" />
    <None Include="thirdparty\glm\gtx\spline.inl" />
    <None Include="thirdparty\glm\gtx\std_based_type.inl" />
    <None Include="thirdparty\glm\gtx\string_cast.inl" />
    <None Include="thirdparty\glm\gtx\transform.inl" />
    <None Include="thirdparty\glm\gtx\transform2.inl" />
    <None Include="thirdparty\glm\gtx\type_aligned.inl" />
    <None Include="thirdparty\glm\gtx\type_trait.inl" />
    <None Include="thirdparty\glm\gtx\vector_angle.inl" />
    <None Include="thirdparty\glm\gtx\vector_query.inl" />
    <None Include="thirdparty\glm\gtx\wrap.inl" />
    <None Include="thirdparty\glm\gtc\bitfield.inl" />
    <None Include="thirdparty\glm\gtc\color_encoding.inl" />
    <None Include="thirdparty\glm\gtc\color_space.inl" />
    <None Include="thirdparty\glm\gtc\constants.inl" />
    <None Include="thirdparty\glm\gtc\epsilon.inl" />
    <None Include="thirdparty\glm\gtc\functions.inl" />
    <None Include="thirdparty\glm\gtc\integer.inl" />
    <None Include="thirdparty\glm\gtc\matrix_access.inl" />
    <None Include="thirdparty\glm\gtc\matrix_inverse.inl" />
    <None Include="thirdparty\glm\gtc\matrix_transform.inl" />
    <None Include="thirdparty\glm\gtc\noise.inl" />
    <None Include="thirdparty\glm\gtc\packing.inl" />
    <None Include="thirdparty\glm\gtc\quaternion.inl" />
    <None Include="thirdparty\glm\gtc\quaternion_simd.inl" />
    <None Include="thirdparty\glm\gtc\random.inl" />
    <None Include="thirdparty\glm\gtc\reciprocal.inl" />
    <None Include="thirdparty\glm\gtc\round.inl" />
    <None Include="thirdparty\glm\gtc\type_precision.inl" />
    <None Include="thirdparty\glm\gtc\type_ptr.inl" />
    <None Include="thirdparty\glm\gtc\ulp.inl" />
    <None Include="thirdparty\glm\gtc\vec1.inl" />
    <None Include="shaders\hybrid\skybox.vert" />
    <None Include="shaders\hybrid\skybox.frag" />
    <None Include="..\LICENSE.md" />
    <None Include="thirdparty\pcg\Makefile" />
    <None Include="thirdparty\pcg\README.md" />
  </ItemGroup>
  <ItemGroup>
    <Filter Include="Headers">
      <UniqueIdentifier>{2378f324-12aa-43ac-a858-9b3450c97a23}</UniqueIdentifier>
    </Filter>
    <Filter Include="Sources">
      <UniqueIdentifier>{a1c772c2-2b4e-45d1-9c28-92b48d927172}</UniqueIdentifier>
    </Filter>
    <Filter Include="Resources">
      <UniqueIdentifier>{325bfabb-6cc3-4258-910b-2aeadc2777db}</UniqueIdentifier>
    </Filter>
    <Filter Include="Resources\Shaders">
      <UniqueIdentifier>{83d67e17-30b0-42ed-b18f-501579f329dd}</UniqueIdentifier>
    </Filter>
    <Filter Include="Sources\vulkan">
      <UniqueIdentifier>{32a67a78-a0bc-48c4-8f25-53c00e3b88e6}</UniqueIdentifier>
    </Filter>
    <Filter Include="Headers\thirdparty">
      <UniqueIdentifier>{d71b4ebe-4ad8-43e4-b6ee-e5aeed0d2b08}</UniqueIdentifier>
    </Filter>
    <Filter Include="Headers\vulkan">
      <UniqueIdentifier>{7e9a0003-0eec-4a8a-9f79-f839d1d2ca08}</UniqueIdentifier>
    </Filter>
    <Filter Include="Headers\geometry">
      <UniqueIdentifier>{51b9ee06-0284-4c26-9d69-1ce8fb3ec9ef}</UniqueIdentifier>
    </Filter>
    <Filter Include="Sources\geometry">
      <UniqueIdentifier>{676d7cce-2a47-4401-8c08-e66d5f6dfea1}</UniqueIdentifier>
    </Filter>
    <Filter Include="Headers\scene">
      <UniqueIdentifier>{72112a3b-81af-4b59-b993-88394d360040}</UniqueIdentifier>
    </Filter>
    <Filter Include="Sources\scene">
      <UniqueIdentifier>{f3c3a37a-5c05-4696-8e85-2a9d972466bd}</UniqueIdentifier>
    </Filter>
  </ItemGroup>
  <ItemGroup>
    <Text Include="thirdparty\gli\CMakeLists.txt" />
    <Text Include="thirdparty\glm\CMakeLists.txt" />
    <Text Include="thirdparty\glm\copying.txt" />
    <Text Include="thirdparty\glfw-3.2.1.WIN64\include\COPYING.txt" />
    <Text Include="thirdparty\pcg\LICENSE.txt" />
  </ItemGroup>
</Project>