<?xml version="1.0" encoding="utf-8"?>
<Project ToolsVersion="4.0" xmlns="http://schemas.microsoft.com/developer/msbuild/2003">
  <ItemGroup>
    <ClCompile Include="src\Application.cpp">
      <Filter>Sources</Filter>
    </ClCompile>
    <ClCompile Include="src\renderer\vulkan\VulkanDevice.cpp">
      <Filter>Sources\vulkan</Filter>
    </ClCompile>
    <ClCompile Include="src\renderer\vulkan\VulkanImage.cpp">
      <Filter>Sources\vulkan</Filter>
    </ClCompile>
    <ClCompile Include="src\renderer\vulkan\VulkanRenderer.cpp">
      <Filter>Sources\vulkan</Filter>
    </ClCompile>
    <ClCompile Include="src\renderer\vulkan\VulkanSwapchain.cpp">
      <Filter>Sources\vulkan</Filter>
    </ClCompile>
    <ClCompile Include="src\renderer\vulkan\VulkanUtil.cpp">
      <Filter>Sources\vulkan</Filter>
    </ClCompile>
    <ClCompile Include="src\renderer\Renderer.cpp">
      <Filter>Sources</Filter>
    </ClCompile>
    <ClCompile Include="src\Utilities.cpp">
      <Filter>Sources</Filter>
    </ClCompile>
    <ClCompile Include="src\main.cpp" />
    <ClCompile Include="src\renderer\vulkan\VulkanGPURaytracer.cpp">
      <Filter>Sources\vulkan</Filter>
    </ClCompile>
    <ClCompile Include="src\renderer\vulkan\VulkanCPURayTracer.cpp">
      <Filter>Sources\vulkan</Filter>
    </ClCompile>
    <ClCompile Include="src\geometry\Geometry.cpp">
      <Filter>Sources\geometry</Filter>
    </ClCompile>
    <ClCompile Include="src\scene\Camera.cpp">
      <Filter>Sources\scene</Filter>
    </ClCompile>
    <ClCompile Include="src\scene\Scene.cpp">
      <Filter>Sources\scene</Filter>
    </ClCompile>
    <ClCompile Include="src\geometry\BBox.cpp" />
    <ClCompile Include="src\geometry\materials\LambertMaterial.cpp" />
    <ClCompile Include="src\scene\sceneLoaders\gltfLoader.cpp" />
    <ClCompile Include="src\accel\SBVH.cpp" />
    <ClCompile Include="src\geometry\materials\MetalMaterial.cpp" />
    <ClCompile Include="src\geometry\materials\GlassMaterial.cpp" />
  </ItemGroup>
  <ItemGroup>
    <ClInclude Include="thirdparty\spdlog\include\spdlog\async_logger.h">
      <Filter>Headers\thirdparty</Filter>
    </ClInclude>
    <ClInclude Include="src\Application.h">
      <Filter>Headers</Filter>
    </ClInclude>
    <ClInclude Include="thirdparty\tinygltfloader\picojson.h">
      <Filter>Headers\thirdparty</Filter>
    </ClInclude>
    <ClInclude Include="thirdparty\spdlog\include\spdlog\logger.h">
      <Filter>Headers\thirdparty</Filter>
    </ClInclude>
    <ClInclude Include="thirdparty\spdlog\include\spdlog\common.h">
      <Filter>Headers\thirdparty</Filter>
    </ClInclude>
    <ClInclude Include="thirdparty\spdlog\include\spdlog\formatter.h">
      <Filter>Headers\thirdparty</Filter>
    </ClInclude>
    <ClInclude Include="thirdparty\spdlog\include\spdlog\spdlog.h">
      <Filter>Headers\thirdparty</Filter>
    </ClInclude>
    <ClInclude Include="thirdparty\tinygltfloader\stb_image.h">
      <Filter>Headers\thirdparty</Filter>
    </ClInclude>
    <ClInclude Include="thirdparty\tinygltfloader\tiny_gltf_loader.h">
      <Filter>Headers\thirdparty</Filter>
    </ClInclude>
    <ClInclude Include="thirdparty\spdlog\include\spdlog\tweakme.h">
      <Filter>Headers\thirdparty</Filter>
    </ClInclude>
    <ClInclude Include="src\renderer\Renderer.h">
      <Filter>Headers</Filter>
    </ClInclude>
    <ClInclude Include="src\Typedef.h">
      <Filter>Headers</Filter>
    </ClInclude>
    <ClInclude Include="src\Utilities.h">
      <Filter>Headers</Filter>
    </ClInclude>
    <ClInclude Include="src\renderer\vulkan\VulkanBuffer.h">
      <Filter>Headers\vulkan</Filter>
    </ClInclude>
    <ClInclude Include="src\renderer\vulkan\VulkanDevice.h">
      <Filter>Headers\vulkan</Filter>
    </ClInclude>
    <ClInclude Include="src\renderer\vulkan\VulkanImage.h">
      <Filter>Headers\vulkan</Filter>
    </ClInclude>
    <ClInclude Include="src\renderer\vulkan\VulkanRenderer.h">
      <Filter>Headers\vulkan</Filter>
    </ClInclude>
    <ClInclude Include="src\renderer\vulkan\VulkanSwapchain.h">
      <Filter>Headers\vulkan</Filter>
    </ClInclude>
    <ClInclude Include="src\renderer\vulkan\VulkanUtil.h">
      <Filter>Headers\vulkan</Filter>
    </ClInclude>
    <ClInclude Include="src\renderer\vulkan\VulkanGPURaytracer.h">
      <Filter>Headers\vulkan</Filter>
    </ClInclude>
    <ClInclude Include="src\renderer\vulkan\VulkanCPURayTracer.h">
      <Filter>Headers\vulkan</Filter>
    </ClInclude>
    <ClInclude Include="src\scene\SceneUtil.h">
      <Filter>Headers</Filter>
    </ClInclude>
    <ClInclude Include="src\geometry\Geometry.h">
      <Filter>Headers\geometry</Filter>
    </ClInclude>
    <ClInclude Include="src\scene\Camera.h">
      <Filter>Headers\scene</Filter>
    </ClInclude>
    <ClInclude Include="src\renderer\Film.h" />
    <ClInclude Include="src\geometry\Ray.h" />
    <ClInclude Include="src\geometry\Transform.h" />
    <ClInclude Include="src\MathUtil.h" />
    <ClInclude Include="src\scene\Scene.h">
      <Filter>Headers\scene</Filter>
    </ClInclude>
    <ClInclude Include="src\geometry\BBox.h" />
    <ClInclude Include="src\geometry\materials\Material.h" />
    <ClInclude Include="src\geometry\materials\LambertMaterial.h" />
    <ClInclude Include="src\lights\Light.h" />
    <ClInclude Include="src\lights\PointLight.h" />
    <ClInclude Include="src\lights\AreaLight.h" />
    <ClInclude Include="src\renderer\samplers\Sampler.h" />
    <ClInclude Include="src\renderer\samplers\UniformSampler.h" />
    <ClInclude Include="src\scene\sceneLoaders\gltfLoader.h" />
    <ClInclude Include="src\scene\sceneLoaders\SceneLoader.h" />
    <ClInclude Include="src\accel\SBVH.h" />
    <ClInclude Include="src\accel\AccelStructure.h" />
    <ClInclude Include="src\geometry\materials\MetalMaterial.h" />
    <ClInclude Include="src\Texture.h" />
    <ClInclude Include="src\geometry\materials\GlassMaterial.h" />
  </ItemGroup>
  <ItemGroup>
    <None Include="shaders\raytracing\raytrace.comp">
      <Filter>Resources\Shaders</Filter>
    </None>
    <None Include="shaders\fragShader.frag">
      <Filter>Resources\Shaders</Filter>
    </None>
    <None Include="shaders\raytracing\raytrace.frag">
      <Filter>Resources\Shaders</Filter>
    </None>
    <None Include="shaders\raytracing\raytrace.vert">
      <Filter>Resources\Shaders</Filter>
    </None>
    <None Include="shaders\vertShader.vert">
      <Filter>Resources\Shaders</Filter>
    </None>
    <None Include="shaders\raytracing\quad.vert">
      <Filter>Resources\Shaders</Filter>
    </None>
    <None Include="shaders\raytracing\quad.frag">
      <Filter>Resources\Shaders</Filter>
    </None>
    <None Include="shaders\raytracing\wireframe.vert" />
    <None Include="shaders\raytracing\wireframe.frag" />
    <None Include="..\README.md" />
    <None Include="shaders\fragShader.spv" />
    <None Include="shaders\vertShader.spv" />
    <None Include="shaders\raytracing\pass-through.vert" />
    <None Include="shaders\raytracing\ACESfilm.frag" />
  </ItemGroup>
  <ItemGroup>
    <Filter Include="Headers">
      <UniqueIdentifier>{2378f324-12aa-43ac-a858-9b3450c97a23}</UniqueIdentifier>
    </Filter>
    <Filter Include="Sources">
      <UniqueIdentifier>{a1c772c2-2b4e-45d1-9c28-92b48d927172}</UniqueIdentifier>
    </Filter>
    <Filter Include="Resources">
      <UniqueIdentifier>{325bfabb-6cc3-4258-910b-2aeadc2777db}</UniqueIdentifier>
    </Filter>
    <Filter Include="Resources\Shaders">
      <UniqueIdentifier>{83d67e17-30b0-42ed-b18f-501579f329dd}</UniqueIdentifier>
    </Filter>
    <Filter Include="Sources\vulkan">
      <UniqueIdentifier>{32a67a78-a0bc-48c4-8f25-53c00e3b88e6}</UniqueIdentifier>
    </Filter>
    <Filter Include="Headers\thirdparty">
      <UniqueIdentifier>{d71b4ebe-4ad8-43e4-b6ee-e5aeed0d2b08}</UniqueIdentifier>
    </Filter>
    <Filter Include="Headers\vulkan">
      <UniqueIdentifier>{7e9a0003-0eec-4a8a-9f79-f839d1d2ca08}</UniqueIdentifier>
    </Filter>
    <Filter Include="Headers\geometry">
      <UniqueIdentifier>{51b9ee06-0284-4c26-9d69-1ce8fb3ec9ef}</UniqueIdentifier>
    </Filter>
    <Filter Include="Sources\geometry">
      <UniqueIdentifier>{676d7cce-2a47-4401-8c08-e66d5f6dfea1}</UniqueIdentifier>
    </Filter>
    <Filter Include="Headers\scene">
      <UniqueIdentifier>{72112a3b-81af-4b59-b993-88394d360040}</UniqueIdentifier>
    </Filter>
    <Filter Include="Sources\scene">
      <UniqueIdentifier>{f3c3a37a-5c05-4696-8e85-2a9d972466bd}</UniqueIdentifier>
    </Filter>
  </ItemGroup>
</Project>